{
  "object": {
    "pins": [
      {
        "package": "ShallowPromises",
        "repositoryURL": "https://github.com/JuanjoArreola/ShallowPromises",
        "state": {
          "branch": null,
          "revision": "ea08a13aa0d02844a80c7cf52d2d3c62fef5ac7d",
          "version": "0.7.0"
        }
      }
    ]
  },
  "version": 1
}
